
Microsoft Visual Studio Solution File, Format Version 12.00
# Visual Studio Version 16
VisualStudioVersion = 16.0.31229.75
MinimumVisualStudioVersion = 10.0.40219.1
Project("{9A19103F-16F7-4668-BE54-9A1E7A4F7556}") = "StringCalculator", "StringCalculator.csproj", "{C855DAC1-D68D-4946-83BE-E1BC64190928}"
EndProject
Project("{2150E333-8FDC-42A3-9474-1A3956D46DE8}") = "Docs", "Docs", "{297BB726-5D76-491E-B1EF-535F143C7576}"
	ProjectSection(SolutionItems) = preProject
		NUnit-vs-XUnit.txt = NUnit-vs-XUnit.txt
		docs\task.md = docs\task.md
	EndProjectSection
EndProject
Global
	GlobalSection(SolutionConfigurationPlatforms) = preSolution
		Debug|Any CPU = Debug|Any CPU
		Release|Any CPU = Release|Any CPU
	EndGlobalSection
	GlobalSection(ProjectConfigurationPlatforms) = postSolution
		{C855DAC1-D68D-4946-83BE-E1BC64190928}.Debug|Any CPU.ActiveCfg = Debug|Any CPU
		{C855DAC1-D68D-4946-83BE-E1BC64190928}.Debug|Any CPU.Build.0 = Debug|Any CPU
		{C855DAC1-D68D-4946-83BE-E1BC64190928}.Release|Any CPU.ActiveCfg = Release|Any CPU
		{C855DAC1-D68D-4946-83BE-E1BC64190928}.Release|Any CPU.Build.0 = Release|Any CPU
	EndGlobalSection
	GlobalSection(SolutionProperties) = preSolution
		HideSolutionNode = FALSE
	EndGlobalSection
	GlobalSection(ExtensibilityGlobals) = postSolution
		SolutionGuid = {BFDCF98E-A702-42F5-9986-ED30DD610540}
	EndGlobalSection
EndGlobal
